// !$*UTF8*$!
{
	archiveVersion = 1;
	classes = {
	};
	objectVersion = 56;
	objects = {

/* Begin PBXBuildFile section */
		813F520B2A57A35300833427 /* AppDelegate.swift in Sources */ = {isa = PBXBuildFile; fileRef = 813F520A2A57A35300833427 /* AppDelegate.swift */; };
		813F520D2A57A35300833427 /* SceneDelegate.swift in Sources */ = {isa = PBXBuildFile; fileRef = 813F520C2A57A35300833427 /* SceneDelegate.swift */; };
		813F520F2A57A35300833427 /* ViewController.swift in Sources */ = {isa = PBXBuildFile; fileRef = 813F520E2A57A35300833427 /* ViewController.swift */; };
		813F52122A57A35300833427 /* Main.storyboard in Resources */ = {isa = PBXBuildFile; fileRef = 813F52102A57A35300833427 /* Main.storyboard */; };
		813F52152A57A35300833427 /* EX_UIkit.xcdatamodeld in Sources */ = {isa = PBXBuildFile; fileRef = 813F52132A57A35300833427 /* EX_UIkit.xcdatamodeld */; };
		813F52172A57A35400833427 /* Assets.xcassets in Resources */ = {isa = PBXBuildFile; fileRef = 813F52162A57A35400833427 /* Assets.xcassets */; };
		813F521A2A57A35400833427 /* LaunchScreen.storyboard in Resources */ = {isa = PBXBuildFile; fileRef = 813F52182A57A35400833427 /* LaunchScreen.storyboard */; };
		813F52252A57A35400833427 /* EX_UIkitTests.swift in Sources */ = {isa = PBXBuildFile; fileRef = 813F52242A57A35400833427 /* EX_UIkitTests.swift */; };
		813F522F2A57A35400833427 /* EX_UIkitUITests.swift in Sources */ = {isa = PBXBuildFile; fileRef = 813F522E2A57A35400833427 /* EX_UIkitUITests.swift */; };
		813F52312A57A35400833427 /* EX_UIkitUITestsLaunchTests.swift in Sources */ = {isa = PBXBuildFile; fileRef = 813F52302A57A35400833427 /* EX_UIkitUITestsLaunchTests.swift */; };
/* End PBXBuildFile section */

/* Begin PBXContainerItemProxy section */
		813F52212A57A35400833427 /* PBXContainerItemProxy */ = {
			isa = PBXContainerItemProxy;
			containerPortal = 813F51FF2A57A35300833427 /* Project object */;
			proxyType = 1;
			remoteGlobalIDString = 813F52062A57A35300833427;
			remoteInfo = EX_UIkit;
		};
		813F522B2A57A35400833427 /* PBXContainerItemProxy */ = {
			isa = PBXContainerItemProxy;
			containerPortal = 813F51FF2A57A35300833427 /* Project object */;
			proxyType = 1;
			remoteGlobalIDString = 813F52062A57A35300833427;
			remoteInfo = EX_UIkit;
		};
/* End PBXContainerItemProxy section */

/* Begin PBXFileReference section */
		813F52072A57A35300833427 /* EX_UIkit.app */ = {isa = PBXFileReference; explicitFileType = wrapper.application; includeInIndex = 0; path = EX_UIkit.app; sourceTree = BUILT_PRODUCTS_DIR; };
		813F520A2A57A35300833427 /* AppDelegate.swift */ = {isa = PBXFileReference; lastKnownFileType = sourcecode.swift; path = AppDelegate.swift; sourceTree = "<group>"; };
		813F520C2A57A35300833427 /* SceneDelegate.swift */ = {isa = PBXFileReference; lastKnownFileType = sourcecode.swift; path = SceneDelegate.swift; sourceTree = "<group>"; };
		813F520E2A57A35300833427 /* ViewController.swift */ = {isa = PBXFileReference; lastKnownFileType = sourcecode.swift; path = ViewController.swift; sourceTree = "<group>"; };
		813F52112A57A35300833427 /* Base */ = {isa = PBXFileReference; lastKnownFileType = file.storyboard; name = Base; path = Base.lproj/Main.storyboard; sourceTree = "<group>"; };
		813F52142A57A35300833427 /* EX_UIkit.xcdatamodel */ = {isa = PBXFileReference; lastKnownFileType = wrapper.xcdatamodel; path = EX_UIkit.xcdatamodel; sourceTree = "<group>"; };
		813F52162A57A35400833427 /* Assets.xcassets */ = {isa = PBXFileReference; lastKnownFileType = folder.assetcatalog; path = Assets.xcassets; sourceTree = "<group>"; };
		813F52192A57A35400833427 /* Base */ = {isa = PBXFileReference; lastKnownFileType = file.storyboard; name = Base; path = Base.lproj/LaunchScreen.storyboard; sourceTree = "<group>"; };
		813F521B2A57A35400833427 /* Info.plist */ = {isa = PBXFileReference; lastKnownFileType = text.plist.xml; path = Info.plist; sourceTree = "<group>"; };
		813F52202A57A35400833427 /* EX_UIkitTests.xctest */ = {isa = PBXFileReference; explicitFileType = wrapper.cfbundle; includeInIndex = 0; path = EX_UIkitTests.xctest; sourceTree = BUILT_PRODUCTS_DIR; };
		813F52242A57A35400833427 /* EX_UIkitTests.swift */ = {isa = PBXFileReference; lastKnownFileType = sourcecode.swift; path = EX_UIkitTests.swift; sourceTree = "<group>"; };
		813F522A2A57A35400833427 /* EX_UIkitUITests.xctest */ = {isa = PBXFileReference; explicitFileType = wrapper.cfbundle; includeInIndex = 0; path = EX_UIkitUITests.xctest; sourceTree = BUILT_PRODUCTS_DIR; };
		813F522E2A57A35400833427 /* EX_UIkitUITests.swift */ = {isa = PBXFileReference; lastKnownFileType = sourcecode.swift; path = EX_UIkitUITests.swift; sourceTree = "<group>"; };
		813F52302A57A35400833427 /* EX_UIkitUITestsLaunchTests.swift */ = {isa = PBXFileReference; lastKnownFileType = sourcecode.swift; path = EX_UIkitUITestsLaunchTests.swift; sourceTree = "<group>"; };
/* End PBXFileReference section */

/* Begin PBXFrameworksBuildPhase section */
		813F52042A57A35300833427 /* Frameworks */ = {
			isa = PBXFrameworksBuildPhase;
			buildActionMask = 2147483647;
			files = (
			);
			runOnlyForDeploymentPostprocessing = 0;
		};
		813F521D2A57A35400833427 /* Frameworks */ = {
			isa = PBXFrameworksBuildPhase;
			buildActionMask = 2147483647;
			files = (
			);
			runOnlyForDeploymentPostprocessing = 0;
		};
		813F52272A57A35400833427 /* Frameworks */ = {
			isa = PBXFrameworksBuildPhase;
			buildActionMask = 2147483647;
			files = (
			);
			runOnlyForDeploymentPostprocessing = 0;
		};
/* End PBXFrameworksBuildPhase section */

/* Begin PBXGroup section */
		813F51FE2A57A35300833427 = {
			isa = PBXGroup;
			children = (
				813F52092A57A35300833427 /* EX_UIkit */,
				813F52232A57A35400833427 /* EX_UIkitTests */,
				813F522D2A57A35400833427 /* EX_UIkitUITests */,
				813F52082A57A35300833427 /* Products */,
			);
			sourceTree = "<group>";
		};
		813F52082A57A35300833427 /* Products */ = {
			isa = PBXGroup;
			children = (
				813F52072A57A35300833427 /* EX_UIkit.app */,
				813F52202A57A35400833427 /* EX_UIkitTests.xctest */,
				813F522A2A57A35400833427 /* EX_UIkitUITests.xctest */,
			);
			name = Products;
			sourceTree = "<group>";
		};
		813F52092A57A35300833427 /* EX_UIkit */ = {
			isa = PBXGroup;
			children = (
				813F520A2A57A35300833427 /* AppDelegate.swift */,
				813F520C2A57A35300833427 /* SceneDelegate.swift */,
				813F520E2A57A35300833427 /* ViewController.swift */,
				813F52102A57A35300833427 /* Main.storyboard */,
				813F52162A57A35400833427 /* Assets.xcassets */,
				813F52182A57A35400833427 /* LaunchScreen.storyboard */,
				813F521B2A57A35400833427 /* Info.plist */,
				813F52132A57A35300833427 /* EX_UIkit.xcdatamodeld */,
			);
			path = EX_UIkit;
			sourceTree = "<group>";
		};
		813F52232A57A35400833427 /* EX_UIkitTests */ = {
			isa = PBXGroup;
			children = (
				813F52242A57A35400833427 /* EX_UIkitTests.swift */,
			);
			path = EX_UIkitTests;
			sourceTree = "<group>";
		};
		813F522D2A57A35400833427 /* EX_UIkitUITests */ = {
			isa = PBXGroup;
			children = (
				813F522E2A57A35400833427 /* EX_UIkitUITests.swift */,
				813F52302A57A35400833427 /* EX_UIkitUITestsLaunchTests.swift */,
			);
			path = EX_UIkitUITests;
			sourceTree = "<group>";
		};
/* End PBXGroup section */

/* Begin PBXNativeTarget section */
		813F52062A57A35300833427 /* EX_UIkit */ = {
			isa = PBXNativeTarget;
			buildConfigurationList = 813F52342A57A35400833427 /* Build configuration list for PBXNativeTarget "EX_UIkit" */;
			buildPhases = (
				813F52032A57A35300833427 /* Sources */,
				813F52042A57A35300833427 /* Frameworks */,
				813F52052A57A35300833427 /* Resources */,
			);
			buildRules = (
			);
			dependencies = (
			);
			name = EX_UIkit;
			productName = EX_UIkit;
			productReference = 813F52072A57A35300833427 /* EX_UIkit.app */;
			productType = "com.apple.product-type.application";
		};
		813F521F2A57A35400833427 /* EX_UIkitTests */ = {
			isa = PBXNativeTarget;
			buildConfigurationList = 813F52372A57A35400833427 /* Build configuration list for PBXNativeTarget "EX_UIkitTests" */;
			buildPhases = (
				813F521C2A57A35400833427 /* Sources */,
				813F521D2A57A35400833427 /* Frameworks */,
				813F521E2A57A35400833427 /* Resources */,
			);
			buildRules = (
			);
			dependencies = (
				813F52222A57A35400833427 /* PBXTargetDependency */,
			);
			name = EX_UIkitTests;
			productName = EX_UIkitTests;
			productReference = 813F52202A57A35400833427 /* EX_UIkitTests.xctest */;
			productType = "com.apple.product-type.bundle.unit-test";
		};
		813F52292A57A35400833427 /* EX_UIkitUITests */ = {
			isa = PBXNativeTarget;
			buildConfigurationList = 813F523A2A57A35400833427 /* Build configuration list for PBXNativeTarget "EX_UIkitUITests" */;
			buildPhases = (
				813F52262A57A35400833427 /* Sources */,
				813F52272A57A35400833427 /* Frameworks */,
				813F52282A57A35400833427 /* Resources */,
			);
			buildRules = (
			);
			dependencies = (
				813F522C2A57A35400833427 /* PBXTargetDependency */,
			);
			name = EX_UIkitUITests;
			productName = EX_UIkitUITests;
			productReference = 813F522A2A57A35400833427 /* EX_UIkitUITests.xctest */;
			productType = "com.apple.product-type.bundle.ui-testing";
		};
/* End PBXNativeTarget section */

/* Begin PBXProject section */
		813F51FF2A57A35300833427 /* Project object */ = {
			isa = PBXProject;
			attributes = {
				BuildIndependentTargetsInParallel = 1;
				LastSwiftUpdateCheck = 1430;
				LastUpgradeCheck = 1430;
				TargetAttributes = {
					813F52062A57A35300833427 = {
						CreatedOnToolsVersion = 14.3.1;
					};
					813F521F2A57A35400833427 = {
						CreatedOnToolsVersion = 14.3.1;
						TestTargetID = 813F52062A57A35300833427;
					};
					813F52292A57A35400833427 = {
						CreatedOnToolsVersion = 14.3.1;
						TestTargetID = 813F52062A57A35300833427;
					};
				};
			};
			buildConfigurationList = 813F52022A57A35300833427 /* Build configuration list for PBXProject "EX_UIkit" */;
			compatibilityVersion = "Xcode 14.0";
			developmentRegion = en;
			hasScannedForEncodings = 0;
			knownRegions = (
				en,
				Base,
			);
			mainGroup = 813F51FE2A57A35300833427;
			productRefGroup = 813F52082A57A35300833427 /* Products */;
			projectDirPath = "";
			projectRoot = "";
			targets = (
				813F52062A57A35300833427 /* EX_UIkit */,
				813F521F2A57A35400833427 /* EX_UIkitTests */,
				813F52292A57A35400833427 /* EX_UIkitUITests */,
			);
		};
/* End PBXProject section */

/* Begin PBXResourcesBuildPhase section */
		813F52052A57A35300833427 /* Resources */ = {
			isa = PBXResourcesBuildPhase;
			buildActionMask = 2147483647;
			files = (
				813F521A2A57A35400833427 /* LaunchScreen.storyboard in Resources */,
				813F52172A57A35400833427 /* Assets.xcassets in Resources */,
				813F52122A57A35300833427 /* Main.storyboard in Resources */,
			);
			runOnlyForDeploymentPostprocessing = 0;
		};
		813F521E2A57A35400833427 /* Resources */ = {
			isa = PBXResourcesBuildPhase;
			buildActionMask = 2147483647;
			files = (
			);
			runOnlyForDeploymentPostprocessing = 0;
		};
		813F52282A57A35400833427 /* Resources */ = {
			isa = PBXResourcesBuildPhase;
			buildActionMask = 2147483647;
			files = (
			);
			runOnlyForDeploymentPostprocessing = 0;
		};
/* End PBXResourcesBuildPhase section */

/* Begin PBXSourcesBuildPhase section */
		813F52032A57A35300833427 /* Sources */ = {
			isa = PBXSourcesBuildPhase;
			buildActionMask = 2147483647;
			files = (
				813F520F2A57A35300833427 /* ViewController.swift in Sources */,
				813F520B2A57A35300833427 /* AppDelegate.swift in Sources */,
				813F520D2A57A35300833427 /* SceneDelegate.swift in Sources */,
				813F52152A57A35300833427 /* EX_UIkit.xcdatamodeld in Sources */,
			);
			runOnlyForDeploymentPostprocessing = 0;
		};
		813F521C2A57A35400833427 /* Sources */ = {
			isa = PBXSourcesBuildPhase;
			buildActionMask = 2147483647;
			files = (
				813F52252A57A35400833427 /* EX_UIkitTests.swift in Sources */,
			);
			runOnlyForDeploymentPostprocessing = 0;
		};
		813F52262A57A35400833427 /* Sources */ = {
			isa = PBXSourcesBuildPhase;
			buildActionMask = 2147483647;
			files = (
				813F52312A57A35400833427 /* EX_UIkitUITestsLaunchTests.swift in Sources */,
				813F522F2A57A35400833427 /* EX_UIkitUITests.swift in Sources */,
			);
			runOnlyForDeploymentPostprocessing = 0;
		};
/* End PBXSourcesBuildPhase section */

/* Begin PBXTargetDependency section */
		813F52222A57A35400833427 /* PBXTargetDependency */ = {
			isa = PBXTargetDependency;
			target = 813F52062A57A35300833427 /* EX_UIkit */;
			targetProxy = 813F52212A57A35400833427 /* PBXContainerItemProxy */;
		};
		813F522C2A57A35400833427 /* PBXTargetDependency */ = {
			isa = PBXTargetDependency;
			target = 813F52062A57A35300833427 /* EX_UIkit */;
			targetProxy = 813F522B2A57A35400833427 /* PBXContainerItemProxy */;
		};
/* End PBXTargetDependency section */

/* Begin PBXVariantGroup section */
		813F52102A57A35300833427 /* Main.storyboard */ = {
			isa = PBXVariantGroup;
			children = (
				813F52112A57A35300833427 /* Base */,
			);
			name = Main.storyboard;
			sourceTree = "<group>";
		};
		813F52182A57A35400833427 /* LaunchScreen.storyboard */ = {
			isa = PBXVariantGroup;
			children = (
				813F52192A57A35400833427 /* Base */,
			);
			name = LaunchScreen.storyboard;
			sourceTree = "<group>";
		};
/* End PBXVariantGroup section */

/* Begin XCBuildConfiguration section */
		813F52322A57A35400833427 /* Debug */ = {
			isa = XCBuildConfiguration;
			buildSettings = {
				ALWAYS_SEARCH_USER_PATHS = NO;
				CLANG_ANALYZER_NONNULL = YES;
				CLANG_ANALYZER_NUMBER_OBJECT_CONVERSION = YES_AGGRESSIVE;
				CLANG_CXX_LANGUAGE_STANDARD = "gnu++20";
				CLANG_ENABLE_MODULES = YES;
				CLANG_ENABLE_OBJC_ARC = YES;
				CLANG_ENABLE_OBJC_WEAK = YES;
				CLANG_WARN_BLOCK_CAPTURE_AUTORELEASING = YES;
				CLANG_WARN_BOOL_CONVERSION = YES;
				CLANG_WARN_COMMA = YES;
				CLANG_WARN_CONSTANT_CONVERSION = YES;
				CLANG_WARN_DEPRECATED_OBJC_IMPLEMENTATIONS = YES;
				CLANG_WARN_DIRECT_OBJC_ISA_USAGE = YES_ERROR;
				CLANG_WARN_DOCUMENTATION_COMMENTS = YES;
				CLANG_WARN_EMPTY_BODY = YES;
				CLANG_WARN_ENUM_CONVERSION = YES;
				CLANG_WARN_INFINITE_RECURSION = YES;
				CLANG_WARN_INT_CONVERSION = YES;
				CLANG_WARN_NON_LITERAL_NULL_CONVERSION = YES;
				CLANG_WARN_OBJC_IMPLICIT_RETAIN_SELF = YES;
				CLANG_WARN_OBJC_LITERAL_CONVERSION = YES;
				CLANG_WARN_OBJC_ROOT_CLASS = YES_ERROR;
				CLANG_WARN_QUOTED_INCLUDE_IN_FRAMEWORK_HEADER = YES;
				CLANG_WARN_RANGE_LOOP_ANALYSIS = YES;
				CLANG_WARN_STRICT_PROTOTYPES = YES;
				CLANG_WARN_SUSPICIOUS_MOVE = YES;
				CLANG_WARN_UNGUARDED_AVAILABILITY = YES_AGGRESSIVE;
				CLANG_WARN_UNREACHABLE_CODE = YES;
				CLANG_WARN__DUPLICATE_METHOD_MATCH = YES;
				COPY_PHASE_STRIP = NO;
				DEBUG_INFORMATION_FORMAT = dwarf;
				ENABLE_STRICT_OBJC_MSGSEND = YES;
				ENABLE_TESTABILITY = YES;
				GCC_C_LANGUAGE_STANDARD = gnu11;
				GCC_DYNAMIC_NO_PIC = NO;
				GCC_NO_COMMON_BLOCKS = YES;
				GCC_OPTIMIZATION_LEVEL = 0;
				GCC_PREPROCESSOR_DEFINITIONS = (
					"DEBUG=1",
					"$(inherited)",
				);
				GCC_WARN_64_TO_32_BIT_CONVERSION = YES;
				GCC_WARN_ABOUT_RETURN_TYPE = YES_ERROR;
				GCC_WARN_UNDECLARED_SELECTOR = YES;
				GCC_WARN_UNINITIALIZED_AUTOS = YES_AGGRESSIVE;
				GCC_WARN_UNUSED_FUNCTION = YES;
				GCC_WARN_UNUSED_VARIABLE = YES;
				IPHONEOS_DEPLOYMENT_TARGET = 16.4;
				MTL_ENABLE_DEBUG_INFO = INCLUDE_SOURCE;
				MTL_FAST_MATH = YES;
				ONLY_ACTIVE_ARCH = YES;
				SDKROOT = iphoneos;
				SWIFT_ACTIVE_COMPILATION_CONDITIONS = DEBUG;
				SWIFT_OPTIMIZATION_LEVEL = "-Onone";
			};
			name = Debug;
		};
		813F52332A57A35400833427 /* Release */ = {
			isa = XCBuildConfiguration;
			buildSettings = {
				ALWAYS_SEARCH_USER_PATHS = NO;
				CLANG_ANALYZER_NONNULL = YES;
				CLANG_ANALYZER_NUMBER_OBJECT_CONVERSION = YES_AGGRESSIVE;
				CLANG_CXX_LANGUAGE_STANDARD = "gnu++20";
				CLANG_ENABLE_MODULES = YES;
				CLANG_ENABLE_OBJC_ARC = YES;
				CLANG_ENABLE_OBJC_WEAK = YES;
				CLANG_WARN_BLOCK_CAPTURE_AUTORELEASING = YES;
				CLANG_WARN_BOOL_CONVERSION = YES;
				CLANG_WARN_COMMA = YES;
				CLANG_WARN_CONSTANT_CONVERSION = YES;
				CLANG_WARN_DEPRECATED_OBJC_IMPLEMENTATIONS = YES;
				CLANG_WARN_DIRECT_OBJC_ISA_USAGE = YES_ERROR;
				CLANG_WARN_DOCUMENTATION_COMMENTS = YES;
				CLANG_WARN_EMPTY_BODY = YES;
				CLANG_WARN_ENUM_CONVERSION = YES;
				CLANG_WARN_INFINITE_RECURSION = YES;
				CLANG_WARN_INT_CONVERSION = YES;
				CLANG_WARN_NON_LITERAL_NULL_CONVERSION = YES;
				CLANG_WARN_OBJC_IMPLICIT_RETAIN_SELF = YES;
				CLANG_WARN_OBJC_LITERAL_CONVERSION = YES;
				CLANG_WARN_OBJC_ROOT_CLASS = YES_ERROR;
				CLANG_WARN_QUOTED_INCLUDE_IN_FRAMEWORK_HEADER = YES;
				CLANG_WARN_RANGE_LOOP_ANALYSIS = YES;
				CLANG_WARN_STRICT_PROTOTYPES = YES;
				CLANG_WARN_SUSPICIOUS_MOVE = YES;
				CLANG_WARN_UNGUARDED_AVAILABILITY = YES_AGGRESSIVE;
				CLANG_WARN_UNREACHABLE_CODE = YES;
				CLANG_WARN__DUPLICATE_METHOD_MATCH = YES;
				COPY_PHASE_STRIP = NO;
				DEBUG_INFORMATION_FORMAT = "dwarf-with-dsym";
				ENABLE_NS_ASSERTIONS = NO;
				ENABLE_STRICT_OBJC_MSGSEND = YES;
				GCC_C_LANGUAGE_STANDARD = gnu11;
				GCC_NO_COMMON_BLOCKS = YES;
				GCC_WARN_64_TO_32_BIT_CONVERSION = YES;
				GCC_WARN_ABOUT_RETURN_TYPE = YES_ERROR;
				GCC_WARN_UNDECLARED_SELECTOR = YES;
				GCC_WARN_UNINITIALIZED_AUTOS = YES_AGGRESSIVE;
				GCC_WARN_UNUSED_FUNCTION = YES;
				GCC_WARN_UNUSED_VARIABLE = YES;
				IPHONEOS_DEPLOYMENT_TARGET = 16.4;
				MTL_ENABLE_DEBUG_INFO = NO;
				MTL_FAST_MATH = YES;
				SDKROOT = iphoneos;
				SWIFT_COMPILATION_MODE = wholemodule;
				SWIFT_OPTIMIZATION_LEVEL = "-O";
				VALIDATE_PRODUCT = YES;
			};
			name = Release;
		};
		813F52352A57A35400833427 /* Debug */ = {
			isa = XCBuildConfiguration;
			buildSettings = {
				ASSETCATALOG_COMPILER_APPICON_NAME = AppIcon;
				ASSETCATALOG_COMPILER_GLOBAL_ACCENT_COLOR_NAME = AccentColor;
				CODE_SIGN_STYLE = Automatic;
				CURRENT_PROJECT_VERSION = 1;
				DEVELOPMENT_TEAM = N676ZFA7W8;
				GENERATE_INFOPLIST_FILE = YES;
				INFOPLIST_FILE = EX_UIkit/Info.plist;
				INFOPLIST_KEY_UIApplicationSupportsIndirectInputEvents = YES;
				INFOPLIST_KEY_UILaunchStoryboardName = LaunchScreen;
				INFOPLIST_KEY_UIMainStoryboardFile = Main;
				INFOPLIST_KEY_UISupportedInterfaceOrientations_iPad = "UIInterfaceOrientationPortrait UIInterfaceOrientationPortraitUpsideDown UIInterfaceOrientationLandscapeLeft UIInterfaceOrientationLandscapeRight";
				INFOPLIST_KEY_UISupportedInterfaceOrientations_iPhone = "UIInterfaceOrientationPortrait UIInterfaceOrientationLandscapeLeft UIInterfaceOrientationLandscapeRight";
				LD_RUNPATH_SEARCH_PATHS = (
					"$(inherited)",
					"@executable_path/Frameworks",
				);
				MARKETING_VERSION = 1.0;
				PRODUCT_BUNDLE_IDENTIFIER = "quarang.EX-UIkit";
				PRODUCT_NAME = "$(TARGET_NAME)";
				SWIFT_EMIT_LOC_STRINGS = YES;
				SWIFT_VERSION = 5.0;
				TARGETED_DEVICE_FAMILY = "1,2";
			};
			name = Debug;
		};
		813F52362A57A35400833427 /* Release */ = {
			isa = XCBuildConfiguration;
			buildSettings = {
				ASSETCATALOG_COMPILER_APPICON_NAME = AppIcon;
				ASSETCATALOG_COMPILER_GLOBAL_ACCENT_COLOR_NAME = AccentColor;
				CODE_SIGN_STYLE = Automatic;
				CURRENT_PROJECT_VERSION = 1;
				DEVELOPMENT_TEAM = N676ZFA7W8;
				GENERATE_INFOPLIST_FILE = YES;
				INFOPLIST_FILE = EX_UIkit/Info.plist;
				INFOPLIST_KEY_UIApplicationSupportsIndirectInputEvents = YES;
				INFOPLIST_KEY_UILaunchStoryboardName = LaunchScreen;
				INFOPLIST_KEY_UIMainStoryboardFile = Main;
				INFOPLIST_KEY_UISupportedInterfaceOrientations_iPad = "UIInterfaceOrientationPortrait UIInterfaceOrientationPortraitUpsideDown UIInterfaceOrientationLandscapeLeft UIInterfaceOrientationLandscapeRight";
				INFOPLIST_KEY_UISupportedInterfaceOrientations_iPhone = "UIInterfaceOrientationPortrait UIInterfaceOrientationLandscapeLeft UIInterfaceOrientationLandscapeRight";
				LD_RUNPATH_SEARCH_PATHS = (
					"$(inherited)",
					"@executable_path/Frameworks",
				);
				MARKETING_VERSION = 1.0;
				PRODUCT_BUNDLE_IDENTIFIER = "quarang.EX-UIkit";
				PRODUCT_NAME = "$(TARGET_NAME)";
				SWIFT_EMIT_LOC_STRINGS = YES;
				SWIFT_VERSION = 5.0;
				TARGETED_DEVICE_FAMILY = "1,2";
			};
			name = Release;
		};
		813F52382A57A35400833427 /* Debug */ = {
			isa = XCBuildConfiguration;
			buildSettings = {
				ALWAYS_EMBED_SWIFT_STANDARD_LIBRARIES = YES;
				BUNDLE_LOADER = "$(TEST_HOST)";
				CODE_SIGN_STYLE = Automatic;
				CURRENT_PROJECT_VERSION = 1;
				DEVELOPMENT_TEAM = N676ZFA7W8;
				GENERATE_INFOPLIST_FILE = YES;
				IPHONEOS_DEPLOYMENT_TARGET = 16.4;
				MARKETING_VERSION = 1.0;
				PRODUCT_BUNDLE_IDENTIFIER = "quarang.EX-UIkitTests";
				PRODUCT_NAME = "$(TARGET_NAME)";
				SWIFT_EMIT_LOC_STRINGS = NO;
				SWIFT_VERSION = 5.0;
				TARGETED_DEVICE_FAMILY = "1,2";
				TEST_HOST = "$(BUILT_PRODUCTS_DIR)/EX_UIkit.app/$(BUNDLE_EXECUTABLE_FOLDER_PATH)/EX_UIkit";
			};
			name = Debug;
		};
		813F52392A57A35400833427 /* Release */ = {
			isa = XCBuildConfiguration;
			buildSettings = {
				ALWAYS_EMBED_SWIFT_STANDARD_LIBRARIES = YES;
				BUNDLE_LOADER = "$(TEST_HOST)";
				CODE_SIGN_STYLE = Automatic;
				CURRENT_PROJECT_VERSION = 1;
				DEVELOPMENT_TEAM = N676ZFA7W8;
				GENERATE_INFOPLIST_FILE = YES;
				IPHONEOS_DEPLOYMENT_TARGET = 16.4;
				MARKETING_VERSION = 1.0;
				PRODUCT_BUNDLE_IDENTIFIER = "quarang.EX-UIkitTests";
				PRODUCT_NAME = "$(TARGET_NAME)";
				SWIFT_EMIT_LOC_STRINGS = NO;
				SWIFT_VERSION = 5.0;
				TARGETED_DEVICE_FAMILY = "1,2";
				TEST_HOST = "$(BUILT_PRODUCTS_DIR)/EX_UIkit.app/$(BUNDLE_EXECUTABLE_FOLDER_PATH)/EX_UIkit";
			};
			name = Release;
		};
		813F523B2A57A35400833427 /* Debug */ = {
			isa = XCBuildConfiguration;
			buildSettings = {
				ALWAYS_EMBED_SWIFT_STANDARD_LIBRARIES = YES;
				CODE_SIGN_STYLE = Automatic;
				CURRENT_PROJECT_VERSION = 1;
				DEVELOPMENT_TEAM = N676ZFA7W8;
				GENERATE_INFOPLIST_FILE = YES;
				MARKETING_VERSION = 1.0;
				PRODUCT_BUNDLE_IDENTIFIER = "quarang.EX-UIkitUITests";
				PRODUCT_NAME = "$(TARGET_NAME)";
				SWIFT_EMIT_LOC_STRINGS = NO;
				SWIFT_VERSION = 5.0;
				TARGETED_DEVICE_FAMILY = "1,2";
				TEST_TARGET_NAME = EX_UIkit;
			};
			name = Debug;
		};
		813F523C2A57A35400833427 /* Release */ = {
			isa = XCBuildConfiguration;
			buildSettings = {
				ALWAYS_EMBED_SWIFT_STANDARD_LIBRARIES = YES;
				CODE_SIGN_STYLE = Automatic;
				CURRENT_PROJECT_VERSION = 1;
				DEVELOPMENT_TEAM = N676ZFA7W8;
				GENERATE_INFOPLIST_FILE = YES;
				MARKETING_VERSION = 1.0;
				PRODUCT_BUNDLE_IDENTIFIER = "quarang.EX-UIkitUITests";
				PRODUCT_NAME = "$(TARGET_NAME)";
				SWIFT_EMIT_LOC_STRINGS = NO;
				SWIFT_VERSION = 5.0;
				TARGETED_DEVICE_FAMILY = "1,2";
				TEST_TARGET_NAME = EX_UIkit;
			};
			name = Release;
		};
/* End XCBuildConfiguration section */

/* Begin XCConfigurationList section */
		813F52022A57A35300833427 /* Build configuration list for PBXProject "EX_UIkit" */ = {
			isa = XCConfigurationList;
			buildConfigurations = (
				813F52322A57A35400833427 /* Debug */,
				813F52332A57A35400833427 /* Release */,
			);
			defaultConfigurationIsVisible = 0;
			defaultConfigurationName = Release;
		};
		813F52342A57A35400833427 /* Build configuration list for PBXNativeTarget "EX_UIkit" */ = {
			isa = XCConfigurationList;
			buildConfigurations = (
				813F52352A57A35400833427 /* Debug */,
				813F52362A57A35400833427 /* Release */,
			);
			defaultConfigurationIsVisible = 0;
			defaultConfigurationName = Release;
		};
		813F52372A57A35400833427 /* Build configuration list for PBXNativeTarget "EX_UIkitTests" */ = {
			isa = XCConfigurationList;
			buildConfigurations = (
				813F52382A57A35400833427 /* Debug */,
				813F52392A57A35400833427 /* Release */,
			);
			defaultConfigurationIsVisible = 0;
			defaultConfigurationName = Release;
		};
		813F523A2A57A35400833427 /* Build configuration list for PBXNativeTarget "EX_UIkitUITests" */ = {
			isa = XCConfigurationList;
			buildConfigurations = (
				813F523B2A57A35400833427 /* Debug */,
				813F523C2A57A35400833427 /* Release */,
			);
			defaultConfigurationIsVisible = 0;
			defaultConfigurationName = Release;
		};
/* End XCConfigurationList section */

/* Begin XCVersionGroup section */
		813F52132A57A35300833427 /* EX_UIkit.xcdatamodeld */ = {
			isa = XCVersionGroup;
			children = (
				813F52142A57A35300833427 /* EX_UIkit.xcdatamodel */,
			);
			currentVersion = 813F52142A57A35300833427 /* EX_UIkit.xcdatamodel */;
			path = EX_UIkit.xcdatamodeld;
			sourceTree = "<group>";
			versionGroupType = wrapper.xcdatamodel;
		};
/* End XCVersionGroup section */
	};
	rootObject = 813F51FF2A57A35300833427 /* Project object */;
}
